github.com/HugoSmits86/nativewebp v1.2.1 h1:dJbfulw6WRf6rTcth6TwgEVwlBeP3vdZIJUIoySmeHQ=
github.com/HugoSmits86/nativewebp v1.2.1/go.mod h1:YNQuWenlVmSUUASVNhTDwf4d7FwYQGbGhklC8p72Vr8=
github.com/disintegration/imaging v1.6.2 h1:w1LecBlG2Lnp8B3jk5zSuNqd7b4DXhcjwek1ei82L+c=
github.com/disintegration/imaging v1.6.2/go.mod h1:44/5580QXChDfwIclfc/PCwrr44amcmDAg8hxG0Ewe4=
github.com/tdewolff/minify/v2 v2.24.8 h1:58/VjsbevI4d5FGV0ZSuBrHMSSkH4MCH0sIz/eKIauE=
github.com/tdewolff/minify/v2 v2.24.8/go.mod h1:0Ukj0CRpo/sW/nd8uZ4ccXaV1rEVIWA3dj8U7+Shhfw=
github.com/tdewolff/parse/v2 v2.8.5 h1:ZmBiA/8Do5Rpk7bDye0jbbDUpXXbCdc3iah4VeUvwYU=
github.com/tdewolff/parse/v2 v2.8.5/go.mod h1:Hwlni2tiVNKyzR1o6nUs4FOF07URA+JLBLd6dlIXYqo=
github.com/tdewolff/test v1.0.11 h1:FdLbwQVHxqG16SlkGveC0JVyrJN62COWTRyUFzfbtBE=
github.com/tdewolff/test v1.0.11/go.mod h1:XPuWBzvdUzhCuxWO1ojpXsyzsA5bFoS3tO/Q3kFuTG8=
golang.org/x/image v0.0.0-20191009234506-e7c1f5e7dbb8/go.mod h1:FeLwcggjj3mMvU+oOTbSwawSJRM1uh48EjtB4UJZlP0=
golang.org/x/image v0.45.0 h1:FMb1nTbH5H9vF55SriQHgFw5GnNL9Jg6L25BwXKzhB0=
golang.org/x/image v0.45.0/go.mod h1:n62x/7RqlwXDvGsSU4u6IUTUf6KghUZ9Bt7cG/T9Fx4=
golang.org/x/text v0.3.0/go.mod h1:NqM8EUOU14njkJ3fqMW+pc6Ldnwhi/IjpwHt7yyuwOQ=
webtyp.com/color v0.1.2 h1:PN2vx9jtlwFsu2juQoaj0GEJMY/ex3fQDcop20V8+ik=
webtyp.com/color v0.1.2/go.mod h1:p5n4e0KRiPavkkQajtQKoMAU7C+1yx86AZlzMWTJhC8=
webtyp.com/context v0.0.23 h1:T+lH+UteRAPD6gLH8oxW0TBr5aZlJwgfIpmnA4DdFSY=
webtyp.com/context v0.0.23/go.mod h1:SXtpX0NmsG9zoL9B2uYVPy0ZfmXl0C1zyjQkYmuz38Q=
webtyp.com/css v0.4.22 h1:d1Wc04mCf83oSfPq3ifrDdQMRumiAFK6F7QfRwQudOc=
webtyp.com/css v0.4.22/go.mod h1:qbi0OpxKohFtrEzMCFmcM8w1LaLGSd+Nlw+LzLSNZhU=
webtyp.com/dom v0.13.15 h1:xL64SQRjr756RKZZY0NoGlQvG/ym62DjAAMUpJrOk+U=
webtyp.com/dom v0.13.15/go.mod h1:p7Vl/6A0VR3GU+NHR4Ggn0oTnRRBPUZ9+RziR5tDB4Q=
webtyp.com/fetch v0.1.28 h1:Tb8NUBp/5tLWI22U0lg/YPrR1hJtR05a8VUC5UrXyns=
webtyp.com/fetch v0.1.28/go.mod h1:ZX35mkKiyfjnJE9Ix9N+IT1ebFRTLm2fKbU0+eZ2XlA=
webtyp.com/fmt v1.0.0 h1:W0vMMGC6ezg1q2LarAEaVnNvZ26hVqzZdQQH1wcNogM=
webtyp.com/fmt v1.0.0/go.mod h1:FmTxx713R45J21kbH5JOmKGaaCap3fJPA9Yl2n4Ch7U=
webtyp.com/font v0.0.5 h1:EqjnVf8PPdRo4e+dRBBv+HaUqi0IeZjjNwsKexfqyIk=
webtyp.com/font v0.0.5/go.mod h1:N/3YKN5z5qlVGVFM7Rdc4iOG2Yba+EOru/bzKJARaCM=
webtyp.com/html v0.0.21 h1:Xjr7pBsQCPPOiPzQ+omJ9Ckkoy4tNlAtg7OJLpqNlSA=
webtyp.com/html v0.0.21/go.mod h1:ceM8y4PsgRyunzVLQpqA08qzbw6MoP40JzsacNIbamg=
webtyp.com/image v0.1.3 h1:XQQI/Mvt67udv5oIo4RgvuiuRxNonRuuRIqprRf5zVE=
webtyp.com/image v0.1.3/go.mod h1:dYRGFJBvDf2DRuh7wLW4PlIYbMxkWj0OTPQjENlsOLA=
webtyp.com/js v0.0.10 h1:7IPqar0tr63SwR9rm3mPGQiX0YnB7BfnS62gvlZYOlk=
webtyp.com/js v0.0.10/go.mod h1:s6MCdLDiERBflwmjQDp66+r1fCR5IeNdba/Q5TVKX/0=
webtyp.com/json v0.5.25 h1:f/JUsrtFGq4Sa/UGYI0lWHyY83V+r0li+Q89s3DkqZs=
webtyp.com/json v0.5.25/go.mod h1:KdFRztDe6ZwGP/ih0DR8grO72ru9h1DjZcG1UU5fRrM=
webtyp.com/model v0.1.9 h1:XpkNiIQbIVaFrbh4E/UqdIutHFNA92//KSP4M/owaSQ=
webtyp.com/model v0.1.9/go.mod h1:OkyYeE3GOG8eAQGhd9wVsORAhr+xYj3q8avpoGXG25c=
webtyp.com/modfind v0.0.9 h1:3hOnLwVsXv/wqxJIuBecSSL4jra+KeLM4QSiYFahyfs=
webtyp.com/modfind v0.0.9/go.mod h1:jEi1SwQK6pzP//tQkh6Jz+b4Kl/UtE6Iw9hH22UFRYI=
webtyp.com/router v0.1.35 h1:6FYeWopnvHcjwa1Ve7ZW4wyGcClaThyJWM1WUp7EqyU=
webtyp.com/router v0.1.35/go.mod h1:kLFuWaeLtgZhRbfhzn+KRQuuLGa3OMVZbG4+hB3gAsI=
webtyp.com/svg v0.3.11 h1:PVfFbEqreZB5YCX8sBbuyl0MuKnS55gybVIdh3ltwBQ=
webtyp.com/svg v0.3.11/go.mod h1:iw3iFQnNuhgFlQ1WwRbl68IZWCMAP85//7ZrHdmwMu4=
webtyp.com/tinygo v1.0.1 h1:kLVBmZL2duyJ4F/lR4T5+KyaPg06QfqEHl7khSOHHuA=
webtyp.com/tinygo v1.0.1/go.mod h1:gMPL6hF9RX1OQUeNBwCTFhfQeGsTWJuwDoyV+6Qye1c=
